
Microsoft Visual Studio Solution File, Format Version 12.00
# Visual Studio Version 16
VisualStudioVersion = 25.0.1706.7
MinimumVisualStudioVersion = 10.0.40219.1
Project("{FAE04EC0-301F-11D3-BF4B-00C04F79EFBC}") = "StogaShopping", "StogaShopping.csproj", "{B1B6E89A-593F-4441-9BB1-D181EC33296E}"
EndProject
Global
	GlobalSection(SolutionConfigurationPlatforms) = preSolution
		Debug|Any CPU = Debug|Any CPU
		Release|Any CPU = Release|Any CPU
	EndGlobalSection
	GlobalSection(ProjectConfigurationPlatforms) = postSolution
		{B1B6E89A-593F-4441-9BB1-D181EC33296E}.Debug|Any CPU.ActiveCfg = Debug|Any CPU
		{B1B6E89A-593F-4441-9BB1-D181EC33296E}.Debug|Any CPU.Build.0 = Debug|Any CPU
		{B1B6E89A-593F-4441-9BB1-D181EC33296E}.Release|Any CPU.ActiveCfg = Release|Any CPU
		{B1B6E89A-593F-4441-9BB1-D181EC33296E}.Release|Any CPU.Build.0 = Release|Any CPU
	EndGlobalSection
	GlobalSection(SolutionProperties) = preSolution
		HideSolutionNode = FALSE
	EndGlobalSection
	GlobalSection(ExtensibilityGlobals) = postSolution
		SolutionGuid = {14B05151-9E73-4598-93FA-791A7A97DBF4}
	EndGlobalSection
EndGlobal
